
Microsoft Visual Studio Solution File, Format Version 12.00
# Visual Studio Version 17
VisualStudioVersion = 17.0.31903.59
MinimumVisualStudioVersion = 10.0.40219.1
Project("{9A19103F-16F7-4668-BE54-9A1E7A4F7556}") = "CodeBuildDeploy.Blogs", "CodeBuildDeploy.Blogs\CodeBuildDeploy.Blogs.csproj", "{C62EF7EE-8FCC-4BA7-BE9A-155F363DD79B}"
EndProject
Project("{9A19103F-16F7-4668-BE54-9A1E7A4F7556}") = "CodeBuildDeploy.Blogs.DataAccess", "CodeBuildDeploy.Blogs.DataAccess\CodeBuildDeploy.Blogs.DataAccess.csproj", "{C224F40E-683B-4416-9342-F96D3475F140}"
EndProject
Project("{9A19103F-16F7-4668-BE54-9A1E7A4F7556}") = "CodeBuildDeploy.Blogs.Contract", "CodeBuildDeploy.Blogs.Contract\CodeBuildDeploy.Blogs.Contract.csproj", "{FFFDE7FC-6A75-41A4-B9A5-54C8E4D12A36}"
EndProject
Project("{2150E333-8FDC-42A3-9474-1A3956D46DE8}") = "Solution Items", "Solution Items", "{3E5240B5-CA3D-4C8E-A5F7-CAD6D703AD0B}"
	ProjectSection(SolutionItems) = preProject
		azure-pipelines.yml = azure-pipelines.yml
		build.ps1 = build.ps1
		local_variables.env.example = local_variables.env.example
		nuget.config = nuget.config
		run.ps1 = run.ps1
	EndProjectSection
EndProject
Global
	GlobalSection(SolutionConfigurationPlatforms) = preSolution
		Debug|Any CPU = Debug|Any CPU
		Release|Any CPU = Release|Any CPU
	EndGlobalSection
	GlobalSection(ProjectConfigurationPlatforms) = postSolution
		{C62EF7EE-8FCC-4BA7-BE9A-155F363DD79B}.Debug|Any CPU.ActiveCfg = Debug|Any CPU
		{C62EF7EE-8FCC-4BA7-BE9A-155F363DD79B}.Debug|Any CPU.Build.0 = Debug|Any CPU
		{C62EF7EE-8FCC-4BA7-BE9A-155F363DD79B}.Release|Any CPU.ActiveCfg = Release|Any CPU
		{C62EF7EE-8FCC-4BA7-BE9A-155F363DD79B}.Release|Any CPU.Build.0 = Release|Any CPU
		{C224F40E-683B-4416-9342-F96D3475F140}.Debug|Any CPU.ActiveCfg = Debug|Any CPU
		{C224F40E-683B-4416-9342-F96D3475F140}.Debug|Any CPU.Build.0 = Debug|Any CPU
		{C224F40E-683B-4416-9342-F96D3475F140}.Release|Any CPU.ActiveCfg = Release|Any CPU
		{C224F40E-683B-4416-9342-F96D3475F140}.Release|Any CPU.Build.0 = Release|Any CPU
		{FFFDE7FC-6A75-41A4-B9A5-54C8E4D12A36}.Debug|Any CPU.ActiveCfg = Debug|Any CPU
		{FFFDE7FC-6A75-41A4-B9A5-54C8E4D12A36}.Debug|Any CPU.Build.0 = Debug|Any CPU
		{FFFDE7FC-6A75-41A4-B9A5-54C8E4D12A36}.Release|Any CPU.ActiveCfg = Release|Any CPU
		{FFFDE7FC-6A75-41A4-B9A5-54C8E4D12A36}.Release|Any CPU.Build.0 = Release|Any CPU
	EndGlobalSection
	GlobalSection(SolutionProperties) = preSolution
		HideSolutionNode = FALSE
	EndGlobalSection
	GlobalSection(ExtensibilityGlobals) = postSolution
		SolutionGuid = {03A80A84-5882-40C2-8105-66B1E6DB99D7}
	EndGlobalSection
EndGlobal
